// !$*UTF8*$!
{
	archiveVersion = 1;
	classes = {
	};
	objectVersion = 56;
	objects = {

/* Begin PBXBuildFile section */
		32DB32EE2B2DF2D6003B8A29 /* CurrencyConverterSwiftUIApp.swift in Sources */ = {isa = PBXBuildFile; fileRef = 32DB32ED2B2DF2D6003B8A29 /* CurrencyConverterSwiftUIApp.swift */; };
		32DB32F02B2DF2D6003B8A29 /* ContentView.swift in Sources */ = {isa = PBXBuildFile; fileRef = 32DB32EF2B2DF2D6003B8A29 /* ContentView.swift */; };
		32DB32F22B2DF2D7003B8A29 /* Assets.xcassets in Resources */ = {isa = PBXBuildFile; fileRef = 32DB32F12B2DF2D7003B8A29 /* Assets.xcassets */; };
		32DB32F52B2DF2D7003B8A29 /* Preview Assets.xcassets in Resources */ = {isa = PBXBuildFile; fileRef = 32DB32F42B2DF2D7003B8A29 /* Preview Assets.xcassets */; };
		32DB32FD2B2E0C50003B8A29 /* Utils.swift in Sources */ = {isa = PBXBuildFile; fileRef = 32DB32FC2B2E0C50003B8A29 /* Utils.swift */; };
		32DB32FF2B2E0F4C003B8A29 /* CurrencyModel.swift in Sources */ = {isa = PBXBuildFile; fileRef = 32DB32FE2B2E0F4C003B8A29 /* CurrencyModel.swift */; };
		32DB33032B2E0FC4003B8A29 /* NetworkService.swift in Sources */ = {isa = PBXBuildFile; fileRef = 32DB33022B2E0FC4003B8A29 /* NetworkService.swift */; };
		32DB33082B2E1686003B8A29 /* CurrencyViewModel.swift in Sources */ = {isa = PBXBuildFile; fileRef = 32DB33072B2E1686003B8A29 /* CurrencyViewModel.swift */; };
		32DB330A2B2E1D0D003B8A29 /* SplashView.swift in Sources */ = {isa = PBXBuildFile; fileRef = 32DB33092B2E1D0D003B8A29 /* SplashView.swift */; };
		8D05D734BC62620C2F2AF70D /* Pods_CurrencyConverterSwiftUI.framework in Frameworks */ = {isa = PBXBuildFile; fileRef = E51CB7B860F041E2E6A3C612 /* Pods_CurrencyConverterSwiftUI.framework */; };
/* End PBXBuildFile section */

/* Begin PBXFileReference section */
		32DB32EA2B2DF2D6003B8A29 /* CurrencyConverterSwiftUI.app */ = {isa = PBXFileReference; explicitFileType = wrapper.application; includeInIndex = 0; path = CurrencyConverterSwiftUI.app; sourceTree = BUILT_PRODUCTS_DIR; };
		32DB32ED2B2DF2D6003B8A29 /* CurrencyConverterSwiftUIApp.swift */ = {isa = PBXFileReference; lastKnownFileType = sourcecode.swift; path = CurrencyConverterSwiftUIApp.swift; sourceTree = "<group>"; };
		32DB32EF2B2DF2D6003B8A29 /* ContentView.swift */ = {isa = PBXFileReference; lastKnownFileType = sourcecode.swift; path = ContentView.swift; sourceTree = "<group>"; };
		32DB32F12B2DF2D7003B8A29 /* Assets.xcassets */ = {isa = PBXFileReference; lastKnownFileType = folder.assetcatalog; path = Assets.xcassets; sourceTree = "<group>"; };
		32DB32F42B2DF2D7003B8A29 /* Preview Assets.xcassets */ = {isa = PBXFileReference; lastKnownFileType = folder.assetcatalog; path = "Preview Assets.xcassets"; sourceTree = "<group>"; };
		32DB32FC2B2E0C50003B8A29 /* Utils.swift */ = {isa = PBXFileReference; lastKnownFileType = sourcecode.swift; path = Utils.swift; sourceTree = "<group>"; };
		32DB32FE2B2E0F4C003B8A29 /* CurrencyModel.swift */ = {isa = PBXFileReference; lastKnownFileType = sourcecode.swift; path = CurrencyModel.swift; sourceTree = "<group>"; };
		32DB33022B2E0FC4003B8A29 /* NetworkService.swift */ = {isa = PBXFileReference; lastKnownFileType = sourcecode.swift; path = NetworkService.swift; sourceTree = "<group>"; };
		32DB33052B2E1294003B8A29 /* Info.plist */ = {isa = PBXFileReference; lastKnownFileType = text.plist; path = Info.plist; sourceTree = "<group>"; };
		32DB33072B2E1686003B8A29 /* CurrencyViewModel.swift */ = {isa = PBXFileReference; lastKnownFileType = sourcecode.swift; path = CurrencyViewModel.swift; sourceTree = "<group>"; };
		32DB33092B2E1D0D003B8A29 /* SplashView.swift */ = {isa = PBXFileReference; lastKnownFileType = sourcecode.swift; path = SplashView.swift; sourceTree = "<group>"; };
		C550870044B949F5B9EBD631 /* Pods-CurrencyConverterSwiftUI.release.xcconfig */ = {isa = PBXFileReference; includeInIndex = 1; lastKnownFileType = text.xcconfig; name = "Pods-CurrencyConverterSwiftUI.release.xcconfig"; path = "Target Support Files/Pods-CurrencyConverterSwiftUI/Pods-CurrencyConverterSwiftUI.release.xcconfig"; sourceTree = "<group>"; };
		E51CB7B860F041E2E6A3C612 /* Pods_CurrencyConverterSwiftUI.framework */ = {isa = PBXFileReference; explicitFileType = wrapper.framework; includeInIndex = 0; path = Pods_CurrencyConverterSwiftUI.framework; sourceTree = BUILT_PRODUCTS_DIR; };
		EF3BAA9759C377513CADDC30 /* Pods-CurrencyConverterSwiftUI.debug.xcconfig */ = {isa = PBXFileReference; includeInIndex = 1; lastKnownFileType = text.xcconfig; name = "Pods-CurrencyConverterSwiftUI.debug.xcconfig"; path = "Target Support Files/Pods-CurrencyConverterSwiftUI/Pods-CurrencyConverterSwiftUI.debug.xcconfig"; sourceTree = "<group>"; };
/* End PBXFileReference section */

/* Begin PBXFrameworksBuildPhase section */
		32DB32E72B2DF2D6003B8A29 /* Frameworks */ = {
			isa = PBXFrameworksBuildPhase;
			buildActionMask = 2147483647;
			files = (
				8D05D734BC62620C2F2AF70D /* Pods_CurrencyConverterSwiftUI.framework in Frameworks */,
			);
			runOnlyForDeploymentPostprocessing = 0;
		};
/* End PBXFrameworksBuildPhase section */

/* Begin PBXGroup section */
		32DB32E12B2DF2D6003B8A29 = {
			isa = PBXGroup;
			children = (
				32DB32EC2B2DF2D6003B8A29 /* CurrencyConverterSwiftUI */,
				32DB32EB2B2DF2D6003B8A29 /* Products */,
				383997D19FB489DC29431D79 /* Pods */,
				4038951006EEDE7EBBE3DABD /* Frameworks */,
			);
			sourceTree = "<group>";
		};
		32DB32EB2B2DF2D6003B8A29 /* Products */ = {
			isa = PBXGroup;
			children = (
				32DB32EA2B2DF2D6003B8A29 /* CurrencyConverterSwiftUI.app */,
			);
			name = Products;
			sourceTree = "<group>";
		};
		32DB32EC2B2DF2D6003B8A29 /* CurrencyConverterSwiftUI */ = {
			isa = PBXGroup;
			children = (
				32DB33062B2E1675003B8A29 /* ViewModel */,
				32DB33052B2E1294003B8A29 /* Info.plist */,
				32DB33042B2E113A003B8A29 /* View */,
				32DB33012B2E0FAD003B8A29 /* Model */,
				32DB33002B2E0FA6003B8A29 /* Networking */,
				32DB32FB2B2E0C42003B8A29 /* Utils */,
				32DB32ED2B2DF2D6003B8A29 /* CurrencyConverterSwiftUIApp.swift */,
				32DB32F12B2DF2D7003B8A29 /* Assets.xcassets */,
				32DB32F32B2DF2D7003B8A29 /* Preview Content */,
				32DB33092B2E1D0D003B8A29 /* SplashView.swift */,
			);
			path = CurrencyConverterSwiftUI;
			sourceTree = "<group>";
		};
		32DB32F32B2DF2D7003B8A29 /* Preview Content */ = {
			isa = PBXGroup;
			children = (
				32DB32F42B2DF2D7003B8A29 /* Preview Assets.xcassets */,
			);
			path = "Preview Content";
			sourceTree = "<group>";
		};
		32DB32FB2B2E0C42003B8A29 /* Utils */ = {
			isa = PBXGroup;
			children = (
				32DB32FC2B2E0C50003B8A29 /* Utils.swift */,
			);
			path = Utils;
			sourceTree = "<group>";
		};
		32DB33002B2E0FA6003B8A29 /* Networking */ = {
			isa = PBXGroup;
			children = (
				32DB33022B2E0FC4003B8A29 /* NetworkService.swift */,
			);
			path = Networking;
			sourceTree = "<group>";
		};
		32DB33012B2E0FAD003B8A29 /* Model */ = {
			isa = PBXGroup;
			children = (
				32DB32FE2B2E0F4C003B8A29 /* CurrencyModel.swift */,
			);
			path = Model;
			sourceTree = "<group>";
		};
		32DB33042B2E113A003B8A29 /* View */ = {
			isa = PBXGroup;
			children = (
				32DB32EF2B2DF2D6003B8A29 /* ContentView.swift */,
			);
			path = View;
			sourceTree = "<group>";
		};
		32DB33062B2E1675003B8A29 /* ViewModel */ = {
			isa = PBXGroup;
			children = (
				32DB33072B2E1686003B8A29 /* CurrencyViewModel.swift */,
			);
			path = ViewModel;
			sourceTree = "<group>";
		};
		383997D19FB489DC29431D79 /* Pods */ = {
			isa = PBXGroup;
			children = (
				EF3BAA9759C377513CADDC30 /* Pods-CurrencyConverterSwiftUI.debug.xcconfig */,
				C550870044B949F5B9EBD631 /* Pods-CurrencyConverterSwiftUI.release.xcconfig */,
			);
			path = Pods;
			sourceTree = "<group>";
		};
		4038951006EEDE7EBBE3DABD /* Frameworks */ = {
			isa = PBXGroup;
			children = (
				E51CB7B860F041E2E6A3C612 /* Pods_CurrencyConverterSwiftUI.framework */,
			);
			name = Frameworks;
			sourceTree = "<group>";
		};
/* End PBXGroup section */

/* Begin PBXNativeTarget section */
		32DB32E92B2DF2D6003B8A29 /* CurrencyConverterSwiftUI */ = {
			isa = PBXNativeTarget;
			buildConfigurationList = 32DB32F82B2DF2D7003B8A29 /* Build configuration list for PBXNativeTarget "CurrencyConverterSwiftUI" */;
			buildPhases = (
				B7ADE8BFF83EDCA3728D3529 /* [CP] Check Pods Manifest.lock */,
				32DB32E62B2DF2D6003B8A29 /* Sources */,
				32DB32E72B2DF2D6003B8A29 /* Frameworks */,
				32DB32E82B2DF2D6003B8A29 /* Resources */,
				DA67ACB0A1D7642B3BFEF31A /* [CP] Embed Pods Frameworks */,
			);
			buildRules = (
			);
			dependencies = (
			);
			name = CurrencyConverterSwiftUI;
			productName = CurrencyConverterSwiftUI;
			productReference = 32DB32EA2B2DF2D6003B8A29 /* CurrencyConverterSwiftUI.app */;
			productType = "com.apple.product-type.application";
		};
/* End PBXNativeTarget section */

/* Begin PBXProject section */
		32DB32E22B2DF2D6003B8A29 /* Project object */ = {
			isa = PBXProject;
			attributes = {
				BuildIndependentTargetsInParallel = 1;
				LastSwiftUpdateCheck = 1430;
				LastUpgradeCheck = 1430;
				TargetAttributes = {
					32DB32E92B2DF2D6003B8A29 = {
						CreatedOnToolsVersion = 14.3.1;
					};
				};
			};
			buildConfigurationList = 32DB32E52B2DF2D6003B8A29 /* Build configuration list for PBXProject "CurrencyConverterSwiftUI" */;
			compatibilityVersion = "Xcode 14.0";
			developmentRegion = en;
			hasScannedForEncodings = 0;
			knownRegions = (
				en,
				Base,
			);
			mainGroup = 32DB32E12B2DF2D6003B8A29;
			productRefGroup = 32DB32EB2B2DF2D6003B8A29 /* Products */;
			projectDirPath = "";
			projectRoot = "";
			targets = (
				32DB32E92B2DF2D6003B8A29 /* CurrencyConverterSwiftUI */,
			);
		};
/* End PBXProject section */

/* Begin PBXResourcesBuildPhase section */
		32DB32E82B2DF2D6003B8A29 /* Resources */ = {
			isa = PBXResourcesBuildPhase;
			buildActionMask = 2147483647;
			files = (
				32DB32F52B2DF2D7003B8A29 /* Preview Assets.xcassets in Resources */,
				32DB32F22B2DF2D7003B8A29 /* Assets.xcassets in Resources */,
			);
			runOnlyForDeploymentPostprocessing = 0;
		};
/* End PBXResourcesBuildPhase section */

/* Begin PBXShellScriptBuildPhase section */
		B7ADE8BFF83EDCA3728D3529 /* [CP] Check Pods Manifest.lock */ = {
			isa = PBXShellScriptBuildPhase;
			buildActionMask = 2147483647;
			files = (
			);
			inputFileListPaths = (
			);
			inputPaths = (
				"${PODS_PODFILE_DIR_PATH}/Podfile.lock",
				"${PODS_ROOT}/Manifest.lock",
			);
			name = "[CP] Check Pods Manifest.lock";
			outputFileListPaths = (
			);
			outputPaths = (
				"$(DERIVED_FILE_DIR)/Pods-CurrencyConverterSwiftUI-checkManifestLockResult.txt",
			);
			runOnlyForDeploymentPostprocessing = 0;
			shellPath = /bin/sh;
			shellScript = "diff \"${PODS_PODFILE_DIR_PATH}/Podfile.lock\" \"${PODS_ROOT}/Manifest.lock\" > /dev/null\nif [ $? != 0 ] ; then\n    # print error to STDERR\n    echo \"error: The sandbox is not in sync with the Podfile.lock. Run 'pod install' or update your CocoaPods installation.\" >&2\n    exit 1\nfi\n# This output is used by Xcode 'outputs' to avoid re-running this script phase.\necho \"SUCCESS\" > \"${SCRIPT_OUTPUT_FILE_0}\"\n";
			showEnvVarsInLog = 0;
		};
		DA67ACB0A1D7642B3BFEF31A /* [CP] Embed Pods Frameworks */ = {
			isa = PBXShellScriptBuildPhase;
			buildActionMask = 2147483647;
			files = (
			);
			inputFileListPaths = (
				"${PODS_ROOT}/Target Support Files/Pods-CurrencyConverterSwiftUI/Pods-CurrencyConverterSwiftUI-frameworks-${CONFIGURATION}-input-files.xcfilelist",
			);
			name = "[CP] Embed Pods Frameworks";
			outputFileListPaths = (
				"${PODS_ROOT}/Target Support Files/Pods-CurrencyConverterSwiftUI/Pods-CurrencyConverterSwiftUI-frameworks-${CONFIGURATION}-output-files.xcfilelist",
			);
			runOnlyForDeploymentPostprocessing = 0;
			shellPath = /bin/sh;
			shellScript = "\"${PODS_ROOT}/Target Support Files/Pods-CurrencyConverterSwiftUI/Pods-CurrencyConverterSwiftUI-frameworks.sh\"\n";
			showEnvVarsInLog = 0;
		};
/* End PBXShellScriptBuildPhase section */

/* Begin PBXSourcesBuildPhase section */
		32DB32E62B2DF2D6003B8A29 /* Sources */ = {
			isa = PBXSourcesBuildPhase;
			buildActionMask = 2147483647;
			files = (
				32DB33032B2E0FC4003B8A29 /* NetworkService.swift in Sources */,
				32DB33082B2E1686003B8A29 /* CurrencyViewModel.swift in Sources */,
				32DB32F02B2DF2D6003B8A29 /* ContentView.swift in Sources */,
				32DB32EE2B2DF2D6003B8A29 /* CurrencyConverterSwiftUIApp.swift in Sources */,
				32DB32FF2B2E0F4C003B8A29 /* CurrencyModel.swift in Sources */,
				32DB32FD2B2E0C50003B8A29 /* Utils.swift in Sources */,
				32DB330A2B2E1D0D003B8A29 /* SplashView.swift in Sources */,
			);
			runOnlyForDeploymentPostprocessing = 0;
		};
/* End PBXSourcesBuildPhase section */

/* Begin XCBuildConfiguration section */
		32DB32F62B2DF2D7003B8A29 /* Debug */ = {
			isa = XCBuildConfiguration;
			buildSettings = {
				ALWAYS_SEARCH_USER_PATHS = NO;
				CLANG_ANALYZER_NONNULL = YES;
				CLANG_ANALYZER_NUMBER_OBJECT_CONVERSION = YES_AGGRESSIVE;
				CLANG_CXX_LANGUAGE_STANDARD = "gnu++20";
				CLANG_ENABLE_MODULES = YES;
				CLANG_ENABLE_OBJC_ARC = YES;
				CLANG_ENABLE_OBJC_WEAK = YES;
				CLANG_WARN_BLOCK_CAPTURE_AUTORELEASING = YES;
				CLANG_WARN_BOOL_CONVERSION = YES;
				CLANG_WARN_COMMA = YES;
				CLANG_WARN_CONSTANT_CONVERSION = YES;
				CLANG_WARN_DEPRECATED_OBJC_IMPLEMENTATIONS = YES;
				CLANG_WARN_DIRECT_OBJC_ISA_USAGE = YES_ERROR;
				CLANG_WARN_DOCUMENTATION_COMMENTS = YES;
				CLANG_WARN_EMPTY_BODY = YES;
				CLANG_WARN_ENUM_CONVERSION = YES;
				CLANG_WARN_INFINITE_RECURSION = YES;
				CLANG_WARN_INT_CONVERSION = YES;
				CLANG_WARN_NON_LITERAL_NULL_CONVERSION = YES;
				CLANG_WARN_OBJC_IMPLICIT_RETAIN_SELF = YES;
				CLANG_WARN_OBJC_LITERAL_CONVERSION = YES;
				CLANG_WARN_OBJC_ROOT_CLASS = YES_ERROR;
				CLANG_WARN_QUOTED_INCLUDE_IN_FRAMEWORK_HEADER = YES;
				CLANG_WARN_RANGE_LOOP_ANALYSIS = YES;
				CLANG_WARN_STRICT_PROTOTYPES = YES;
				CLANG_WARN_SUSPICIOUS_MOVE = YES;
				CLANG_WARN_UNGUARDED_AVAILABILITY = YES_AGGRESSIVE;
				CLANG_WARN_UNREACHABLE_CODE = YES;
				CLANG_WARN__DUPLICATE_METHOD_MATCH = YES;
				COPY_PHASE_STRIP = NO;
				DEBUG_INFORMATION_FORMAT = dwarf;
				ENABLE_STRICT_OBJC_MSGSEND = YES;
				ENABLE_TESTABILITY = YES;
				GCC_C_LANGUAGE_STANDARD = gnu11;
				GCC_DYNAMIC_NO_PIC = NO;
				GCC_NO_COMMON_BLOCKS = YES;
				GCC_OPTIMIZATION_LEVEL = 0;
				GCC_PREPROCESSOR_DEFINITIONS = (
					"DEBUG=1",
					"$(inherited)",
				);
				GCC_WARN_64_TO_32_BIT_CONVERSION = YES;
				GCC_WARN_ABOUT_RETURN_TYPE = YES_ERROR;
				GCC_WARN_UNDECLARED_SELECTOR = YES;
				GCC_WARN_UNINITIALIZED_AUTOS = YES_AGGRESSIVE;
				GCC_WARN_UNUSED_FUNCTION = YES;
				GCC_WARN_UNUSED_VARIABLE = YES;
				IPHONEOS_DEPLOYMENT_TARGET = 16.4;
				MTL_ENABLE_DEBUG_INFO = INCLUDE_SOURCE;
				MTL_FAST_MATH = YES;
				ONLY_ACTIVE_ARCH = YES;
				SDKROOT = iphoneos;
				SWIFT_ACTIVE_COMPILATION_CONDITIONS = DEBUG;
				SWIFT_OPTIMIZATION_LEVEL = "-Onone";
			};
			name = Debug;
		};
		32DB32F72B2DF2D7003B8A29 /* Release */ = {
			isa = XCBuildConfiguration;
			buildSettings = {
				ALWAYS_SEARCH_USER_PATHS = NO;
				CLANG_ANALYZER_NONNULL = YES;
				CLANG_ANALYZER_NUMBER_OBJECT_CONVERSION = YES_AGGRESSIVE;
				CLANG_CXX_LANGUAGE_STANDARD = "gnu++20";
				CLANG_ENABLE_MODULES = YES;
				CLANG_ENABLE_OBJC_ARC = YES;
				CLANG_ENABLE_OBJC_WEAK = YES;
				CLANG_WARN_BLOCK_CAPTURE_AUTORELEASING = YES;
				CLANG_WARN_BOOL_CONVERSION = YES;
				CLANG_WARN_COMMA = YES;
				CLANG_WARN_CONSTANT_CONVERSION = YES;
				CLANG_WARN_DEPRECATED_OBJC_IMPLEMENTATIONS = YES;
				CLANG_WARN_DIRECT_OBJC_ISA_USAGE = YES_ERROR;
				CLANG_WARN_DOCUMENTATION_COMMENTS = YES;
				CLANG_WARN_EMPTY_BODY = YES;
				CLANG_WARN_ENUM_CONVERSION = YES;
				CLANG_WARN_INFINITE_RECURSION = YES;
				CLANG_WARN_INT_CONVERSION = YES;
				CLANG_WARN_NON_LITERAL_NULL_CONVERSION = YES;
				CLANG_WARN_OBJC_IMPLICIT_RETAIN_SELF = YES;
				CLANG_WARN_OBJC_LITERAL_CONVERSION = YES;
				CLANG_WARN_OBJC_ROOT_CLASS = YES_ERROR;
				CLANG_WARN_QUOTED_INCLUDE_IN_FRAMEWORK_HEADER = YES;
				CLANG_WARN_RANGE_LOOP_ANALYSIS = YES;
				CLANG_WARN_STRICT_PROTOTYPES = YES;
				CLANG_WARN_SUSPICIOUS_MOVE = YES;
				CLANG_WARN_UNGUARDED_AVAILABILITY = YES_AGGRESSIVE;
				CLANG_WARN_UNREACHABLE_CODE = YES;
				CLANG_WARN__DUPLICATE_METHOD_MATCH = YES;
				COPY_PHASE_STRIP = NO;
				DEBUG_INFORMATION_FORMAT = "dwarf-with-dsym";
				ENABLE_NS_ASSERTIONS = NO;
				ENABLE_STRICT_OBJC_MSGSEND = YES;
				GCC_C_LANGUAGE_STANDARD = gnu11;
				GCC_NO_COMMON_BLOCKS = YES;
				GCC_WARN_64_TO_32_BIT_CONVERSION = YES;
				GCC_WARN_ABOUT_RETURN_TYPE = YES_ERROR;
				GCC_WARN_UNDECLARED_SELECTOR = YES;
				GCC_WARN_UNINITIALIZED_AUTOS = YES_AGGRESSIVE;
				GCC_WARN_UNUSED_FUNCTION = YES;
				GCC_WARN_UNUSED_VARIABLE = YES;
				IPHONEOS_DEPLOYMENT_TARGET = 16.4;
				MTL_ENABLE_DEBUG_INFO = NO;
				MTL_FAST_MATH = YES;
				SDKROOT = iphoneos;
				SWIFT_COMPILATION_MODE = wholemodule;
				SWIFT_OPTIMIZATION_LEVEL = "-O";
				VALIDATE_PRODUCT = YES;
			};
			name = Release;
		};
		32DB32F92B2DF2D7003B8A29 /* Debug */ = {
			isa = XCBuildConfiguration;
			baseConfigurationReference = EF3BAA9759C377513CADDC30 /* Pods-CurrencyConverterSwiftUI.debug.xcconfig */;
			buildSettings = {
				ASSETCATALOG_COMPILER_APPICON_NAME = AppIcon;
				ASSETCATALOG_COMPILER_GLOBAL_ACCENT_COLOR_NAME = AccentColor;
				CODE_SIGN_STYLE = Automatic;
				CURRENT_PROJECT_VERSION = 1;
				DEVELOPMENT_ASSET_PATHS = "\"CurrencyConverterSwiftUI/Preview Content\"";
				ENABLE_PREVIEWS = YES;
				GENERATE_INFOPLIST_FILE = YES;
				INFOPLIST_FILE = CurrencyConverterSwiftUI/Info.plist;
				INFOPLIST_KEY_UIApplicationSceneManifest_Generation = YES;
				INFOPLIST_KEY_UIApplicationSupportsIndirectInputEvents = YES;
				INFOPLIST_KEY_UILaunchScreen_Generation = YES;
				INFOPLIST_KEY_UISupportedInterfaceOrientations_iPad = "UIInterfaceOrientationPortrait UIInterfaceOrientationPortraitUpsideDown UIInterfaceOrientationLandscapeLeft UIInterfaceOrientationLandscapeRight";
				INFOPLIST_KEY_UISupportedInterfaceOrientations_iPhone = "UIInterfaceOrientationPortrait UIInterfaceOrientationLandscapeLeft UIInterfaceOrientationLandscapeRight";
				LD_RUNPATH_SEARCH_PATHS = (
					"$(inherited)",
					"@executable_path/Frameworks",
				);
				MARKETING_VERSION = 1.0;
				PRODUCT_BUNDLE_IDENTIFIER = com.currencyConvertor.CurrencyConverterSwiftUI;
				PRODUCT_NAME = "$(TARGET_NAME)";
				SWIFT_EMIT_LOC_STRINGS = YES;
				SWIFT_VERSION = 5.0;
				TARGETED_DEVICE_FAMILY = "1,2";
			};
			name = Debug;
		};
		32DB32FA2B2DF2D7003B8A29 /* Release */ = {
			isa = XCBuildConfiguration;
			baseConfigurationReference = C550870044B949F5B9EBD631 /* Pods-CurrencyConverterSwiftUI.release.xcconfig */;
			buildSettings = {
				ASSETCATALOG_COMPILER_APPICON_NAME = AppIcon;
				ASSETCATALOG_COMPILER_GLOBAL_ACCENT_COLOR_NAME = AccentColor;
				CODE_SIGN_STYLE = Automatic;
				CURRENT_PROJECT_VERSION = 1;
				DEVELOPMENT_ASSET_PATHS = "\"CurrencyConverterSwiftUI/Preview Content\"";
				ENABLE_PREVIEWS = YES;
				GENERATE_INFOPLIST_FILE = YES;
				INFOPLIST_FILE = CurrencyConverterSwiftUI/Info.plist;
				INFOPLIST_KEY_UIApplicationSceneManifest_Generation = YES;
				INFOPLIST_KEY_UIApplicationSupportsIndirectInputEvents = YES;
				INFOPLIST_KEY_UILaunchScreen_Generation = YES;
				INFOPLIST_KEY_UISupportedInterfaceOrientations_iPad = "UIInterfaceOrientationPortrait UIInterfaceOrientationPortraitUpsideDown UIInterfaceOrientationLandscapeLeft UIInterfaceOrientationLandscapeRight";
				INFOPLIST_KEY_UISupportedInterfaceOrientations_iPhone = "UIInterfaceOrientationPortrait UIInterfaceOrientationLandscapeLeft UIInterfaceOrientationLandscapeRight";
				LD_RUNPATH_SEARCH_PATHS = (
					"$(inherited)",
					"@executable_path/Frameworks",
				);
				MARKETING_VERSION = 1.0;
				PRODUCT_BUNDLE_IDENTIFIER = com.currencyConvertor.CurrencyConverterSwiftUI;
				PRODUCT_NAME = "$(TARGET_NAME)";
				SWIFT_EMIT_LOC_STRINGS = YES;
				SWIFT_VERSION = 5.0;
				TARGETED_DEVICE_FAMILY = "1,2";
			};
			name = Release;
		};
/* End XCBuildConfiguration section */

/* Begin XCConfigurationList section */
		32DB32E52B2DF2D6003B8A29 /* Build configuration list for PBXProject "CurrencyConverterSwiftUI" */ = {
			isa = XCConfigurationList;
			buildConfigurations = (
				32DB32F62B2DF2D7003B8A29 /* Debug */,
				32DB32F72B2DF2D7003B8A29 /* Release */,
			);
			defaultConfigurationIsVisible = 0;
			defaultConfigurationName = Release;
		};
		32DB32F82B2DF2D7003B8A29 /* Build configuration list for PBXNativeTarget "CurrencyConverterSwiftUI" */ = {
			isa = XCConfigurationList;
			buildConfigurations = (
				32DB32F92B2DF2D7003B8A29 /* Debug */,
				32DB32FA2B2DF2D7003B8A29 /* Release */,
			);
			defaultConfigurationIsVisible = 0;
			defaultConfigurationName = Release;
		};
/* End XCConfigurationList section */
	};
	rootObject = 32DB32E22B2DF2D6003B8A29 /* Project object */;
}
